
Microsoft Visual Studio Solution File, Format Version 11.00
# Visual Studio 2010
Project("{2150E333-8FDC-42A3-9474-1A3956D46DE8}") = "Solution Items", "Solution Items", "{38529F2F-BAE4-4AEB-A797-90168EDFA73A}"
	ProjectSection(SolutionItems) = preProject
		WindowsFormsApplication1.vsmdi = WindowsFormsApplication1.vsmdi
	EndProjectSection
EndProject
Project("{FAE04EC0-301F-11D3-BF4B-00C04F79EFBC}") = "WiimoteData", "WiimoteData\WiimoteData.csproj", "{41E23763-90D9-41F8-88A1-3603DEDA9B65}"
EndProject
Project("{FAE04EC0-301F-11D3-BF4B-00C04F79EFBC}") = "Utilities", "Utilities\Utilities.csproj", "{53D3AE9E-0DA0-4C5A-A477-7EB7E20EEF6D}"
EndProject
Project("{FAE04EC0-301F-11D3-BF4B-00C04F79EFBC}") = "ProjectCommon", "ProjectCommon\ProjectCommon.csproj", "{452DF624-B6AB-46A9-B098-682BBEFE032D}"
EndProject
Project("{FAE04EC0-301F-11D3-BF4B-00C04F79EFBC}") = "MatlabWrapper", "MatlabWrapper\MatlabWrapper.csproj", "{34F02D2B-80CE-469F-9BFD-CC83B75E3399}"
EndProject
Project("{FAE04EC0-301F-11D3-BF4B-00C04F79EFBC}") = "VideoWrapper", "VideoWrapper\VideoWrapper.csproj", "{C99B0055-B433-4E99-A2D0-4DED13811C13}"
EndProject
Project("{FAE04EC0-301F-11D3-BF4B-00C04F79EFBC}") = "TestBed", "TestBed\TestBed.csproj", "{260FAC60-AEF4-4B6B-ABCD-7D7F99414182}"
EndProject
Project("{FAE04EC0-301F-11D3-BF4B-00C04F79EFBC}") = "MogreDisplay", "MogreDisplay\MogreDisplay.csproj", "{97A05E54-FC2E-426B-937B-26C28476720D}"
EndProject
Project("{FAE04EC0-301F-11D3-BF4B-00C04F79EFBC}") = "Main", "Main\Main.csproj", "{9EE6B2BE-948D-48D1-A19F-078434CF4C52}"
EndProject
Project("{FAE04EC0-301F-11D3-BF4B-00C04F79EFBC}") = "MogreWrapper", "MogreWrapper\MogreWrapper.csproj", "{F5854EA2-42F6-4028-BE55-10153430EBE4}"
EndProject
Project("{FAE04EC0-301F-11D3-BF4B-00C04F79EFBC}") = "VideoPanelControl", "VideoPanelControl\VideoPanelControl.csproj", "{C3405E5F-6C9D-4CB3-829F-9B285ED92749}"
EndProject
Project("{FAE04EC0-301F-11D3-BF4B-00C04F79EFBC}") = "SpeechTest", "SpeechTest\SpeechTest.csproj", "{1AD91F4B-5C57-4FF0-997F-367712665446}"
EndProject
Project("{FAE04EC0-301F-11D3-BF4B-00C04F79EFBC}") = "VoiceCommandControl", "VoiceCommandControl\VoiceCommandControl.csproj", "{1D754B89-9E4C-421D-80B3-B10B993D5872}"
EndProject
Project("{FAE04EC0-301F-11D3-BF4B-00C04F79EFBC}") = "CSNamedPipeClient", "CSNamedPipeClient\CSNamedPipeClient.csproj", "{053DA278-4C17-4454-B9A3-E23EDD0C874B}"
EndProject
Project("{FAE04EC0-301F-11D3-BF4B-00C04F79EFBC}") = "MainGUI", "MainGUI\MainGUI.csproj", "{C2C82C17-FC13-40B2-8E05-25D6E9A61FB5}"
EndProject
Project("{FAE04EC0-301F-11D3-BF4B-00C04F79EFBC}") = "DirectShowPlayer", "DirectShowPlayer\DirectShowPlayer.csproj", "{B0BB5DBF-3B99-4E4E-8793-984153C7D21F}"
EndProject
Project("{FAE04EC0-301F-11D3-BF4B-00C04F79EFBC}") = "AppControl", "AppControl\AppControl.csproj", "{90E8DD9C-3C6B-488C-980F-AB26AC789300}"
EndProject
Project("{FAE04EC0-301F-11D3-BF4B-00C04F79EFBC}") = "MotionRecognition", "MotionRecognition\MotionRecognition.csproj", "{8CCDD048-AD35-41A2-830C-6BF1E06A7B44}"
EndProject
Project("{FAE04EC0-301F-11D3-BF4B-00C04F79EFBC}") = "SpaceSensor", "SpaceSensor\SpaceSensor.csproj", "{0244A5A8-2F45-4E76-AC5C-02D65AB8D2A8}"
EndProject
Project("{FAE04EC0-301F-11D3-BF4B-00C04F79EFBC}") = "OSCServer", "OSCServer\OSCServer.csproj", "{0659CECB-C090-479C-96EA-FB72EFE84EE1}"
EndProject
Project("{FAE04EC0-301F-11D3-BF4B-00C04F79EFBC}") = "Logging", "Logging\Logging.csproj", "{79E16176-6C4B-47CE-9566-3DA8412BB8F0}"
EndProject
Global
	GlobalSection(SolutionConfigurationPlatforms) = preSolution
		Debug|Any CPU = Debug|Any CPU
		Debug|Mixed Platforms = Debug|Mixed Platforms
		Debug|Win32 = Debug|Win32
		Debug|x64 = Debug|x64
		Debug|x86 = Debug|x86
		DebugU|Any CPU = DebugU|Any CPU
		DebugU|Mixed Platforms = DebugU|Mixed Platforms
		DebugU|Win32 = DebugU|Win32
		DebugU|x64 = DebugU|x64
		DebugU|x86 = DebugU|x86
		Release|Any CPU = Release|Any CPU
		Release|Mixed Platforms = Release|Mixed Platforms
		Release|Win32 = Release|Win32
		Release|x64 = Release|x64
		Release|x86 = Release|x86
		ReleaseU|Any CPU = ReleaseU|Any CPU
		ReleaseU|Mixed Platforms = ReleaseU|Mixed Platforms
		ReleaseU|Win32 = ReleaseU|Win32
		ReleaseU|x64 = ReleaseU|x64
		ReleaseU|x86 = ReleaseU|x86
	EndGlobalSection
	GlobalSection(ProjectConfigurationPlatforms) = postSolution
		{41E23763-90D9-41F8-88A1-3603DEDA9B65}.Debug|Any CPU.ActiveCfg = Debug|Any CPU
		{41E23763-90D9-41F8-88A1-3603DEDA9B65}.Debug|Any CPU.Build.0 = Debug|Any CPU
		{41E23763-90D9-41F8-88A1-3603DEDA9B65}.Debug|Mixed Platforms.ActiveCfg = Debug|Any CPU
		{41E23763-90D9-41F8-88A1-3603DEDA9B65}.Debug|Mixed Platforms.Build.0 = Debug|Any CPU
		{41E23763-90D9-41F8-88A1-3603DEDA9B65}.Debug|Win32.ActiveCfg = Debug|Any CPU
		{41E23763-90D9-41F8-88A1-3603DEDA9B65}.Debug|x64.ActiveCfg = Debug|x86
		{41E23763-90D9-41F8-88A1-3603DEDA9B65}.Debug|x86.ActiveCfg = Debug|x86
		{41E23763-90D9-41F8-88A1-3603DEDA9B65}.Debug|x86.Build.0 = Debug|x86
		{41E23763-90D9-41F8-88A1-3603DEDA9B65}.DebugU|Any CPU.ActiveCfg = Debug|Any CPU
		{41E23763-90D9-41F8-88A1-3603DEDA9B65}.DebugU|Any CPU.Build.0 = Debug|Any CPU
		{41E23763-90D9-41F8-88A1-3603DEDA9B65}.DebugU|Mixed Platforms.ActiveCfg = Debug|Any CPU
		{41E23763-90D9-41F8-88A1-3603DEDA9B65}.DebugU|Mixed Platforms.Build.0 = Debug|Any CPU
		{41E23763-90D9-41F8-88A1-3603DEDA9B65}.DebugU|Win32.ActiveCfg = Debug|Any CPU
		{41E23763-90D9-41F8-88A1-3603DEDA9B65}.DebugU|x64.ActiveCfg = Debug|x86
		{41E23763-90D9-41F8-88A1-3603DEDA9B65}.DebugU|x86.ActiveCfg = Debug|x86
		{41E23763-90D9-41F8-88A1-3603DEDA9B65}.DebugU|x86.Build.0 = Debug|x86
		{41E23763-90D9-41F8-88A1-3603DEDA9B65}.Release|Any CPU.ActiveCfg = Release|Any CPU
		{41E23763-90D9-41F8-88A1-3603DEDA9B65}.Release|Any CPU.Build.0 = Release|Any CPU
		{41E23763-90D9-41F8-88A1-3603DEDA9B65}.Release|Mixed Platforms.ActiveCfg = Release|Any CPU
		{41E23763-90D9-41F8-88A1-3603DEDA9B65}.Release|Mixed Platforms.Build.0 = Release|Any CPU
		{41E23763-90D9-41F8-88A1-3603DEDA9B65}.Release|Win32.ActiveCfg = Release|Any CPU
		{41E23763-90D9-41F8-88A1-3603DEDA9B65}.Release|x64.ActiveCfg = Release|x86
		{41E23763-90D9-41F8-88A1-3603DEDA9B65}.Release|x86.ActiveCfg = Release|x86
		{41E23763-90D9-41F8-88A1-3603DEDA9B65}.Release|x86.Build.0 = Release|x86
		{41E23763-90D9-41F8-88A1-3603DEDA9B65}.ReleaseU|Any CPU.ActiveCfg = Release|Any CPU
		{41E23763-90D9-41F8-88A1-3603DEDA9B65}.ReleaseU|Any CPU.Build.0 = Release|Any CPU
		{41E23763-90D9-41F8-88A1-3603DEDA9B65}.ReleaseU|Mixed Platforms.ActiveCfg = Release|Any CPU
		{41E23763-90D9-41F8-88A1-3603DEDA9B65}.ReleaseU|Mixed Platforms.Build.0 = Release|Any CPU
		{41E23763-90D9-41F8-88A1-3603DEDA9B65}.ReleaseU|Win32.ActiveCfg = Release|Any CPU
		{41E23763-90D9-41F8-88A1-3603DEDA9B65}.ReleaseU|x64.ActiveCfg = Release|x86
		{41E23763-90D9-41F8-88A1-3603DEDA9B65}.ReleaseU|x86.ActiveCfg = Release|x86
		{41E23763-90D9-41F8-88A1-3603DEDA9B65}.ReleaseU|x86.Build.0 = Release|x86
		{53D3AE9E-0DA0-4C5A-A477-7EB7E20EEF6D}.Debug|Any CPU.ActiveCfg = Debug|Any CPU
		{53D3AE9E-0DA0-4C5A-A477-7EB7E20EEF6D}.Debug|Any CPU.Build.0 = Debug|Any CPU
		{53D3AE9E-0DA0-4C5A-A477-7EB7E20EEF6D}.Debug|Mixed Platforms.ActiveCfg = Debug|Any CPU
		{53D3AE9E-0DA0-4C5A-A477-7EB7E20EEF6D}.Debug|Mixed Platforms.Build.0 = Debug|Any CPU
		{53D3AE9E-0DA0-4C5A-A477-7EB7E20EEF6D}.Debug|Win32.ActiveCfg = Debug|Any CPU
		{53D3AE9E-0DA0-4C5A-A477-7EB7E20EEF6D}.Debug|x64.ActiveCfg = Debug|x86
		{53D3AE9E-0DA0-4C5A-A477-7EB7E20EEF6D}.Debug|x86.ActiveCfg = Debug|x86
		{53D3AE9E-0DA0-4C5A-A477-7EB7E20EEF6D}.Debug|x86.Build.0 = Debug|x86
		{53D3AE9E-0DA0-4C5A-A477-7EB7E20EEF6D}.DebugU|Any CPU.ActiveCfg = Debug|Any CPU
		{53D3AE9E-0DA0-4C5A-A477-7EB7E20EEF6D}.DebugU|Any CPU.Build.0 = Debug|Any CPU
		{53D3AE9E-0DA0-4C5A-A477-7EB7E20EEF6D}.DebugU|Mixed Platforms.ActiveCfg = Debug|Any CPU
		{53D3AE9E-0DA0-4C5A-A477-7EB7E20EEF6D}.DebugU|Mixed Platforms.Build.0 = Debug|Any CPU
		{53D3AE9E-0DA0-4C5A-A477-7EB7E20EEF6D}.DebugU|Win32.ActiveCfg = Debug|Any CPU
		{53D3AE9E-0DA0-4C5A-A477-7EB7E20EEF6D}.DebugU|x64.ActiveCfg = Debug|x86
		{53D3AE9E-0DA0-4C5A-A477-7EB7E20EEF6D}.DebugU|x86.ActiveCfg = Debug|x86
		{53D3AE9E-0DA0-4C5A-A477-7EB7E20EEF6D}.DebugU|x86.Build.0 = Debug|x86
		{53D3AE9E-0DA0-4C5A-A477-7EB7E20EEF6D}.Release|Any CPU.ActiveCfg = Release|Any CPU
		{53D3AE9E-0DA0-4C5A-A477-7EB7E20EEF6D}.Release|Any CPU.Build.0 = Release|Any CPU
		{53D3AE9E-0DA0-4C5A-A477-7EB7E20EEF6D}.Release|Mixed Platforms.ActiveCfg = Release|Any CPU
		{53D3AE9E-0DA0-4C5A-A477-7EB7E20EEF6D}.Release|Mixed Platforms.Build.0 = Release|Any CPU
		{53D3AE9E-0DA0-4C5A-A477-7EB7E20EEF6D}.Release|Win32.ActiveCfg = Release|Any CPU
		{53D3AE9E-0DA0-4C5A-A477-7EB7E20EEF6D}.Release|x64.ActiveCfg = Release|x86
		{53D3AE9E-0DA0-4C5A-A477-7EB7E20EEF6D}.Release|x86.ActiveCfg = Release|x86
		{53D3AE9E-0DA0-4C5A-A477-7EB7E20EEF6D}.Release|x86.Build.0 = Release|x86
		{53D3AE9E-0DA0-4C5A-A477-7EB7E20EEF6D}.ReleaseU|Any CPU.ActiveCfg = Release|Any CPU
		{53D3AE9E-0DA0-4C5A-A477-7EB7E20EEF6D}.ReleaseU|Any CPU.Build.0 = Release|Any CPU
		{53D3AE9E-0DA0-4C5A-A477-7EB7E20EEF6D}.ReleaseU|Mixed Platforms.ActiveCfg = Release|Any CPU
		{53D3AE9E-0DA0-4C5A-A477-7EB7E20EEF6D}.ReleaseU|Mixed Platforms.Build.0 = Release|Any CPU
		{53D3AE9E-0DA0-4C5A-A477-7EB7E20EEF6D}.ReleaseU|Win32.ActiveCfg = Release|Any CPU
		{53D3AE9E-0DA0-4C5A-A477-7EB7E20EEF6D}.ReleaseU|x64.ActiveCfg = Release|x86
		{53D3AE9E-0DA0-4C5A-A477-7EB7E20EEF6D}.ReleaseU|x86.ActiveCfg = Release|x86
		{53D3AE9E-0DA0-4C5A-A477-7EB7E20EEF6D}.ReleaseU|x86.Build.0 = Release|x86
		{452DF624-B6AB-46A9-B098-682BBEFE032D}.Debug|Any CPU.ActiveCfg = Debug|Any CPU
		{452DF624-B6AB-46A9-B098-682BBEFE032D}.Debug|Any CPU.Build.0 = Debug|Any CPU
		{452DF624-B6AB-46A9-B098-682BBEFE032D}.Debug|Mixed Platforms.ActiveCfg = Debug|Any CPU
		{452DF624-B6AB-46A9-B098-682BBEFE032D}.Debug|Mixed Platforms.Build.0 = Debug|Any CPU
		{452DF624-B6AB-46A9-B098-682BBEFE032D}.Debug|Win32.ActiveCfg = Debug|Any CPU
		{452DF624-B6AB-46A9-B098-682BBEFE032D}.Debug|x64.ActiveCfg = Debug|x86
		{452DF624-B6AB-46A9-B098-682BBEFE032D}.Debug|x86.ActiveCfg = Debug|x86
		{452DF624-B6AB-46A9-B098-682BBEFE032D}.Debug|x86.Build.0 = Debug|x86
		{452DF624-B6AB-46A9-B098-682BBEFE032D}.DebugU|Any CPU.ActiveCfg = Debug|Any CPU
		{452DF624-B6AB-46A9-B098-682BBEFE032D}.DebugU|Any CPU.Build.0 = Debug|Any CPU
		{452DF624-B6AB-46A9-B098-682BBEFE032D}.DebugU|Mixed Platforms.ActiveCfg = Debug|Any CPU
		{452DF624-B6AB-46A9-B098-682BBEFE032D}.DebugU|Mixed Platforms.Build.0 = Debug|Any CPU
		{452DF624-B6AB-46A9-B098-682BBEFE032D}.DebugU|Win32.ActiveCfg = Debug|Any CPU
		{452DF624-B6AB-46A9-B098-682BBEFE032D}.DebugU|x64.ActiveCfg = Debug|x86
		{452DF624-B6AB-46A9-B098-682BBEFE032D}.DebugU|x86.ActiveCfg = Debug|x86
		{452DF624-B6AB-46A9-B098-682BBEFE032D}.DebugU|x86.Build.0 = Debug|x86
		{452DF624-B6AB-46A9-B098-682BBEFE032D}.Release|Any CPU.ActiveCfg = Release|Any CPU
		{452DF624-B6AB-46A9-B098-682BBEFE032D}.Release|Any CPU.Build.0 = Release|Any CPU
		{452DF624-B6AB-46A9-B098-682BBEFE032D}.Release|Mixed Platforms.ActiveCfg = Release|Any CPU
		{452DF624-B6AB-46A9-B098-682BBEFE032D}.Release|Mixed Platforms.Build.0 = Release|Any CPU
		{452DF624-B6AB-46A9-B098-682BBEFE032D}.Release|Win32.ActiveCfg = Release|Any CPU
		{452DF624-B6AB-46A9-B098-682BBEFE032D}.Release|x64.ActiveCfg = Release|x86
		{452DF624-B6AB-46A9-B098-682BBEFE032D}.Release|x86.ActiveCfg = Release|x86
		{452DF624-B6AB-46A9-B098-682BBEFE032D}.Release|x86.Build.0 = Release|x86
		{452DF624-B6AB-46A9-B098-682BBEFE032D}.ReleaseU|Any CPU.ActiveCfg = Release|Any CPU
		{452DF624-B6AB-46A9-B098-682BBEFE032D}.ReleaseU|Any CPU.Build.0 = Release|Any CPU
		{452DF624-B6AB-46A9-B098-682BBEFE032D}.ReleaseU|Mixed Platforms.ActiveCfg = Release|Any CPU
		{452DF624-B6AB-46A9-B098-682BBEFE032D}.ReleaseU|Mixed Platforms.Build.0 = Release|Any CPU
		{452DF624-B6AB-46A9-B098-682BBEFE032D}.ReleaseU|Win32.ActiveCfg = Release|Any CPU
		{452DF624-B6AB-46A9-B098-682BBEFE032D}.ReleaseU|x64.ActiveCfg = Release|x86
		{452DF624-B6AB-46A9-B098-682BBEFE032D}.ReleaseU|x86.ActiveCfg = Release|x86
		{452DF624-B6AB-46A9-B098-682BBEFE032D}.ReleaseU|x86.Build.0 = Release|x86
		{34F02D2B-80CE-469F-9BFD-CC83B75E3399}.Debug|Any CPU.ActiveCfg = Debug|Any CPU
		{34F02D2B-80CE-469F-9BFD-CC83B75E3399}.Debug|Any CPU.Build.0 = Debug|Any CPU
		{34F02D2B-80CE-469F-9BFD-CC83B75E3399}.Debug|Mixed Platforms.ActiveCfg = Debug|x86
		{34F02D2B-80CE-469F-9BFD-CC83B75E3399}.Debug|Mixed Platforms.Build.0 = Debug|x86
		{34F02D2B-80CE-469F-9BFD-CC83B75E3399}.Debug|Win32.ActiveCfg = Debug|Any CPU
		{34F02D2B-80CE-469F-9BFD-CC83B75E3399}.Debug|x64.ActiveCfg = Debug|x86
		{34F02D2B-80CE-469F-9BFD-CC83B75E3399}.Debug|x86.ActiveCfg = Debug|x86
		{34F02D2B-80CE-469F-9BFD-CC83B75E3399}.Debug|x86.Build.0 = Debug|x86
		{34F02D2B-80CE-469F-9BFD-CC83B75E3399}.DebugU|Any CPU.ActiveCfg = Debug|Any CPU
		{34F02D2B-80CE-469F-9BFD-CC83B75E3399}.DebugU|Any CPU.Build.0 = Debug|Any CPU
		{34F02D2B-80CE-469F-9BFD-CC83B75E3399}.DebugU|Mixed Platforms.ActiveCfg = Debug|Any CPU
		{34F02D2B-80CE-469F-9BFD-CC83B75E3399}.DebugU|Mixed Platforms.Build.0 = Debug|Any CPU
		{34F02D2B-80CE-469F-9BFD-CC83B75E3399}.DebugU|Win32.ActiveCfg = Debug|Any CPU
		{34F02D2B-80CE-469F-9BFD-CC83B75E3399}.DebugU|x64.ActiveCfg = Debug|x86
		{34F02D2B-80CE-469F-9BFD-CC83B75E3399}.DebugU|x86.ActiveCfg = Debug|x86
		{34F02D2B-80CE-469F-9BFD-CC83B75E3399}.DebugU|x86.Build.0 = Debug|x86
		{34F02D2B-80CE-469F-9BFD-CC83B75E3399}.Release|Any CPU.ActiveCfg = Release|Any CPU
		{34F02D2B-80CE-469F-9BFD-CC83B75E3399}.Release|Any CPU.Build.0 = Release|Any CPU
		{34F02D2B-80CE-469F-9BFD-CC83B75E3399}.Release|Mixed Platforms.ActiveCfg = Release|Any CPU
		{34F02D2B-80CE-469F-9BFD-CC83B75E3399}.Release|Mixed Platforms.Build.0 = Release|Any CPU
		{34F02D2B-80CE-469F-9BFD-CC83B75E3399}.Release|Win32.ActiveCfg = Release|Any CPU
		{34F02D2B-80CE-469F-9BFD-CC83B75E3399}.Release|x64.ActiveCfg = Release|x86
		{34F02D2B-80CE-469F-9BFD-CC83B75E3399}.Release|x86.ActiveCfg = Release|x86
		{34F02D2B-80CE-469F-9BFD-CC83B75E3399}.Release|x86.Build.0 = Release|x86
		{34F02D2B-80CE-469F-9BFD-CC83B75E3399}.ReleaseU|Any CPU.ActiveCfg = Release|Any CPU
		{34F02D2B-80CE-469F-9BFD-CC83B75E3399}.ReleaseU|Any CPU.Build.0 = Release|Any CPU
		{34F02D2B-80CE-469F-9BFD-CC83B75E3399}.ReleaseU|Mixed Platforms.ActiveCfg = Release|Any CPU
		{34F02D2B-80CE-469F-9BFD-CC83B75E3399}.ReleaseU|Mixed Platforms.Build.0 = Release|Any CPU
		{34F02D2B-80CE-469F-9BFD-CC83B75E3399}.ReleaseU|Win32.ActiveCfg = Release|Any CPU
		{34F02D2B-80CE-469F-9BFD-CC83B75E3399}.ReleaseU|x64.ActiveCfg = Release|x86
		{34F02D2B-80CE-469F-9BFD-CC83B75E3399}.ReleaseU|x86.ActiveCfg = Release|x86
		{34F02D2B-80CE-469F-9BFD-CC83B75E3399}.ReleaseU|x86.Build.0 = Release|x86
		{C99B0055-B433-4E99-A2D0-4DED13811C13}.Debug|Any CPU.ActiveCfg = Debug|Any CPU
		{C99B0055-B433-4E99-A2D0-4DED13811C13}.Debug|Any CPU.Build.0 = Debug|Any CPU
		{C99B0055-B433-4E99-A2D0-4DED13811C13}.Debug|Mixed Platforms.ActiveCfg = Debug|Any CPU
		{C99B0055-B433-4E99-A2D0-4DED13811C13}.Debug|Mixed Platforms.Build.0 = Debug|Any CPU
		{C99B0055-B433-4E99-A2D0-4DED13811C13}.Debug|Win32.ActiveCfg = Debug|Any CPU
		{C99B0055-B433-4E99-A2D0-4DED13811C13}.Debug|x64.ActiveCfg = Debug|x86
		{C99B0055-B433-4E99-A2D0-4DED13811C13}.Debug|x86.ActiveCfg = Debug|x86
		{C99B0055-B433-4E99-A2D0-4DED13811C13}.Debug|x86.Build.0 = Debug|x86
		{C99B0055-B433-4E99-A2D0-4DED13811C13}.DebugU|Any CPU.ActiveCfg = Debug|Any CPU
		{C99B0055-B433-4E99-A2D0-4DED13811C13}.DebugU|Any CPU.Build.0 = Debug|Any CPU
		{C99B0055-B433-4E99-A2D0-4DED13811C13}.DebugU|Mixed Platforms.ActiveCfg = Debug|Any CPU
		{C99B0055-B433-4E99-A2D0-4DED13811C13}.DebugU|Mixed Platforms.Build.0 = Debug|Any CPU
		{C99B0055-B433-4E99-A2D0-4DED13811C13}.DebugU|Win32.ActiveCfg = Debug|Any CPU
		{C99B0055-B433-4E99-A2D0-4DED13811C13}.DebugU|x64.ActiveCfg = Debug|x86
		{C99B0055-B433-4E99-A2D0-4DED13811C13}.DebugU|x86.ActiveCfg = Debug|x86
		{C99B0055-B433-4E99-A2D0-4DED13811C13}.DebugU|x86.Build.0 = Debug|x86
		{C99B0055-B433-4E99-A2D0-4DED13811C13}.Release|Any CPU.ActiveCfg = Release|Any CPU
		{C99B0055-B433-4E99-A2D0-4DED13811C13}.Release|Any CPU.Build.0 = Release|Any CPU
		{C99B0055-B433-4E99-A2D0-4DED13811C13}.Release|Mixed Platforms.ActiveCfg = Release|Any CPU
		{C99B0055-B433-4E99-A2D0-4DED13811C13}.Release|Mixed Platforms.Build.0 = Release|Any CPU
		{C99B0055-B433-4E99-A2D0-4DED13811C13}.Release|Win32.ActiveCfg = Release|Any CPU
		{C99B0055-B433-4E99-A2D0-4DED13811C13}.Release|x64.ActiveCfg = Release|x86
		{C99B0055-B433-4E99-A2D0-4DED13811C13}.Release|x86.ActiveCfg = Release|x86
		{C99B0055-B433-4E99-A2D0-4DED13811C13}.Release|x86.Build.0 = Release|x86
		{C99B0055-B433-4E99-A2D0-4DED13811C13}.ReleaseU|Any CPU.ActiveCfg = Release|Any CPU
		{C99B0055-B433-4E99-A2D0-4DED13811C13}.ReleaseU|Any CPU.Build.0 = Release|Any CPU
		{C99B0055-B433-4E99-A2D0-4DED13811C13}.ReleaseU|Mixed Platforms.ActiveCfg = Release|Any CPU
		{C99B0055-B433-4E99-A2D0-4DED13811C13}.ReleaseU|Mixed Platforms.Build.0 = Release|Any CPU
		{C99B0055-B433-4E99-A2D0-4DED13811C13}.ReleaseU|Win32.ActiveCfg = Release|Any CPU
		{C99B0055-B433-4E99-A2D0-4DED13811C13}.ReleaseU|x64.ActiveCfg = Release|x86
		{C99B0055-B433-4E99-A2D0-4DED13811C13}.ReleaseU|x86.ActiveCfg = Release|x86
		{C99B0055-B433-4E99-A2D0-4DED13811C13}.ReleaseU|x86.Build.0 = Release|x86
		{260FAC60-AEF4-4B6B-ABCD-7D7F99414182}.Debug|Any CPU.ActiveCfg = Debug|Any CPU
		{260FAC60-AEF4-4B6B-ABCD-7D7F99414182}.Debug|Any CPU.Build.0 = Debug|Any CPU
		{260FAC60-AEF4-4B6B-ABCD-7D7F99414182}.Debug|Mixed Platforms.ActiveCfg = Debug|Any CPU
		{260FAC60-AEF4-4B6B-ABCD-7D7F99414182}.Debug|Mixed Platforms.Build.0 = Debug|Any CPU
		{260FAC60-AEF4-4B6B-ABCD-7D7F99414182}.Debug|Win32.ActiveCfg = Debug|Any CPU
		{260FAC60-AEF4-4B6B-ABCD-7D7F99414182}.Debug|x64.ActiveCfg = Debug|x86
		{260FAC60-AEF4-4B6B-ABCD-7D7F99414182}.Debug|x86.ActiveCfg = Debug|x86
		{260FAC60-AEF4-4B6B-ABCD-7D7F99414182}.Debug|x86.Build.0 = Debug|x86
		{260FAC60-AEF4-4B6B-ABCD-7D7F99414182}.DebugU|Any CPU.ActiveCfg = Debug|Any CPU
		{260FAC60-AEF4-4B6B-ABCD-7D7F99414182}.DebugU|Any CPU.Build.0 = Debug|Any CPU
		{260FAC60-AEF4-4B6B-ABCD-7D7F99414182}.DebugU|Mixed Platforms.ActiveCfg = Debug|Any CPU
		{260FAC60-AEF4-4B6B-ABCD-7D7F99414182}.DebugU|Mixed Platforms.Build.0 = Debug|Any CPU
		{260FAC60-AEF4-4B6B-ABCD-7D7F99414182}.DebugU|Win32.ActiveCfg = Debug|Any CPU
		{260FAC60-AEF4-4B6B-ABCD-7D7F99414182}.DebugU|x64.ActiveCfg = Debug|x86
		{260FAC60-AEF4-4B6B-ABCD-7D7F99414182}.DebugU|x86.ActiveCfg = Debug|x86
		{260FAC60-AEF4-4B6B-ABCD-7D7F99414182}.DebugU|x86.Build.0 = Debug|x86
		{260FAC60-AEF4-4B6B-ABCD-7D7F99414182}.Release|Any CPU.ActiveCfg = Release|Any CPU
		{260FAC60-AEF4-4B6B-ABCD-7D7F99414182}.Release|Any CPU.Build.0 = Release|Any CPU
		{260FAC60-AEF4-4B6B-ABCD-7D7F99414182}.Release|Mixed Platforms.ActiveCfg = Release|Any CPU
		{260FAC60-AEF4-4B6B-ABCD-7D7F99414182}.Release|Mixed Platforms.Build.0 = Release|Any CPU
		{260FAC60-AEF4-4B6B-ABCD-7D7F99414182}.Release|Win32.ActiveCfg = Release|Any CPU
		{260FAC60-AEF4-4B6B-ABCD-7D7F99414182}.Release|x64.ActiveCfg = Release|x86
		{260FAC60-AEF4-4B6B-ABCD-7D7F99414182}.Release|x86.ActiveCfg = Release|x86
		{260FAC60-AEF4-4B6B-ABCD-7D7F99414182}.Release|x86.Build.0 = Release|x86
		{260FAC60-AEF4-4B6B-ABCD-7D7F99414182}.ReleaseU|Any CPU.ActiveCfg = Release|Any CPU
		{260FAC60-AEF4-4B6B-ABCD-7D7F99414182}.ReleaseU|Any CPU.Build.0 = Release|Any CPU
		{260FAC60-AEF4-4B6B-ABCD-7D7F99414182}.ReleaseU|Mixed Platforms.ActiveCfg = Release|Any CPU
		{260FAC60-AEF4-4B6B-ABCD-7D7F99414182}.ReleaseU|Mixed Platforms.Build.0 = Release|Any CPU
		{260FAC60-AEF4-4B6B-ABCD-7D7F99414182}.ReleaseU|Win32.ActiveCfg = Release|Any CPU
		{260FAC60-AEF4-4B6B-ABCD-7D7F99414182}.ReleaseU|x64.ActiveCfg = Release|x86
		{260FAC60-AEF4-4B6B-ABCD-7D7F99414182}.ReleaseU|x86.ActiveCfg = Release|x86
		{260FAC60-AEF4-4B6B-ABCD-7D7F99414182}.ReleaseU|x86.Build.0 = Release|x86
		{97A05E54-FC2E-426B-937B-26C28476720D}.Debug|Any CPU.ActiveCfg = Debug|Any CPU
		{97A05E54-FC2E-426B-937B-26C28476720D}.Debug|Any CPU.Build.0 = Debug|Any CPU
		{97A05E54-FC2E-426B-937B-26C28476720D}.Debug|Mixed Platforms.ActiveCfg = Debug|x86
		{97A05E54-FC2E-426B-937B-26C28476720D}.Debug|Mixed Platforms.Build.0 = Debug|x86
		{97A05E54-FC2E-426B-937B-26C28476720D}.Debug|Win32.ActiveCfg = Debug|Any CPU
		{97A05E54-FC2E-426B-937B-26C28476720D}.Debug|x64.ActiveCfg = Debug|x86
		{97A05E54-FC2E-426B-937B-26C28476720D}.Debug|x86.ActiveCfg = Debug|x86
		{97A05E54-FC2E-426B-937B-26C28476720D}.Debug|x86.Build.0 = Debug|x86
		{97A05E54-FC2E-426B-937B-26C28476720D}.DebugU|Any CPU.ActiveCfg = Debug|Any CPU
		{97A05E54-FC2E-426B-937B-26C28476720D}.DebugU|Any CPU.Build.0 = Debug|Any CPU
		{97A05E54-FC2E-426B-937B-26C28476720D}.DebugU|Mixed Platforms.ActiveCfg = Debug|Any CPU
		{97A05E54-FC2E-426B-937B-26C28476720D}.DebugU|Mixed Platforms.Build.0 = Debug|Any CPU
		{97A05E54-FC2E-426B-937B-26C28476720D}.DebugU|Win32.ActiveCfg = Debug|Any CPU
		{97A05E54-FC2E-426B-937B-26C28476720D}.DebugU|x64.ActiveCfg = Debug|x86
		{97A05E54-FC2E-426B-937B-26C28476720D}.DebugU|x86.ActiveCfg = Debug|x86
		{97A05E54-FC2E-426B-937B-26C28476720D}.DebugU|x86.Build.0 = Debug|x86
		{97A05E54-FC2E-426B-937B-26C28476720D}.Release|Any CPU.ActiveCfg = Release|Any CPU
		{97A05E54-FC2E-426B-937B-26C28476720D}.Release|Any CPU.Build.0 = Release|Any CPU
		{97A05E54-FC2E-426B-937B-26C28476720D}.Release|Mixed Platforms.ActiveCfg = Release|Any CPU
		{97A05E54-FC2E-426B-937B-26C28476720D}.Release|Mixed Platforms.Build.0 = Release|Any CPU
		{97A05E54-FC2E-426B-937B-26C28476720D}.Release|Win32.ActiveCfg = Release|Any CPU
		{97A05E54-FC2E-426B-937B-26C28476720D}.Release|x64.ActiveCfg = Release|x86
		{97A05E54-FC2E-426B-937B-26C28476720D}.Release|x86.ActiveCfg = Release|x86
		{97A05E54-FC2E-426B-937B-26C28476720D}.Release|x86.Build.0 = Release|x86
		{97A05E54-FC2E-426B-937B-26C28476720D}.ReleaseU|Any CPU.ActiveCfg = Release|Any CPU
		{97A05E54-FC2E-426B-937B-26C28476720D}.ReleaseU|Any CPU.Build.0 = Release|Any CPU
		{97A05E54-FC2E-426B-937B-26C28476720D}.ReleaseU|Mixed Platforms.ActiveCfg = Release|Any CPU
		{97A05E54-FC2E-426B-937B-26C28476720D}.ReleaseU|Mixed Platforms.Build.0 = Release|Any CPU
		{97A05E54-FC2E-426B-937B-26C28476720D}.ReleaseU|Win32.ActiveCfg = Release|Any CPU
		{97A05E54-FC2E-426B-937B-26C28476720D}.ReleaseU|x64.ActiveCfg = Release|x86
		{97A05E54-FC2E-426B-937B-26C28476720D}.ReleaseU|x86.ActiveCfg = Release|x86
		{97A05E54-FC2E-426B-937B-26C28476720D}.ReleaseU|x86.Build.0 = Release|x86
		{9EE6B2BE-948D-48D1-A19F-078434CF4C52}.Debug|Any CPU.ActiveCfg = Debug|Any CPU
		{9EE6B2BE-948D-48D1-A19F-078434CF4C52}.Debug|Any CPU.Build.0 = Debug|Any CPU
		{9EE6B2BE-948D-48D1-A19F-078434CF4C52}.Debug|Mixed Platforms.ActiveCfg = Debug|x86
		{9EE6B2BE-948D-48D1-A19F-078434CF4C52}.Debug|Mixed Platforms.Build.0 = Debug|x86
		{9EE6B2BE-948D-48D1-A19F-078434CF4C52}.Debug|Win32.ActiveCfg = Debug|Any CPU
		{9EE6B2BE-948D-48D1-A19F-078434CF4C52}.Debug|x64.ActiveCfg = Debug|x86
		{9EE6B2BE-948D-48D1-A19F-078434CF4C52}.Debug|x86.ActiveCfg = Debug|x86
		{9EE6B2BE-948D-48D1-A19F-078434CF4C52}.Debug|x86.Build.0 = Debug|x86
		{9EE6B2BE-948D-48D1-A19F-078434CF4C52}.DebugU|Any CPU.ActiveCfg = Debug|Any CPU
		{9EE6B2BE-948D-48D1-A19F-078434CF4C52}.DebugU|Any CPU.Build.0 = Debug|Any CPU
		{9EE6B2BE-948D-48D1-A19F-078434CF4C52}.DebugU|Mixed Platforms.ActiveCfg = Debug|Any CPU
		{9EE6B2BE-948D-48D1-A19F-078434CF4C52}.DebugU|Mixed Platforms.Build.0 = Debug|Any CPU
		{9EE6B2BE-948D-48D1-A19F-078434CF4C52}.DebugU|Win32.ActiveCfg = Debug|Any CPU
		{9EE6B2BE-948D-48D1-A19F-078434CF4C52}.DebugU|x64.ActiveCfg = Debug|x86
		{9EE6B2BE-948D-48D1-A19F-078434CF4C52}.DebugU|x86.ActiveCfg = Debug|x86
		{9EE6B2BE-948D-48D1-A19F-078434CF4C52}.DebugU|x86.Build.0 = Debug|x86
		{9EE6B2BE-948D-48D1-A19F-078434CF4C52}.Release|Any CPU.ActiveCfg = Release|Any CPU
		{9EE6B2BE-948D-48D1-A19F-078434CF4C52}.Release|Any CPU.Build.0 = Release|Any CPU
		{9EE6B2BE-948D-48D1-A19F-078434CF4C52}.Release|Mixed Platforms.ActiveCfg = Release|Any CPU
		{9EE6B2BE-948D-48D1-A19F-078434CF4C52}.Release|Mixed Platforms.Build.0 = Release|Any CPU
		{9EE6B2BE-948D-48D1-A19F-078434CF4C52}.Release|Win32.ActiveCfg = Release|Any CPU
		{9EE6B2BE-948D-48D1-A19F-078434CF4C52}.Release|x64.ActiveCfg = Release|x86
		{9EE6B2BE-948D-48D1-A19F-078434CF4C52}.Release|x86.ActiveCfg = Release|x86
		{9EE6B2BE-948D-48D1-A19F-078434CF4C52}.Release|x86.Build.0 = Release|x86
		{9EE6B2BE-948D-48D1-A19F-078434CF4C52}.ReleaseU|Any CPU.ActiveCfg = Release|Any CPU
		{9EE6B2BE-948D-48D1-A19F-078434CF4C52}.ReleaseU|Any CPU.Build.0 = Release|Any CPU
		{9EE6B2BE-948D-48D1-A19F-078434CF4C52}.ReleaseU|Mixed Platforms.ActiveCfg = Release|Any CPU
		{9EE6B2BE-948D-48D1-A19F-078434CF4C52}.ReleaseU|Mixed Platforms.Build.0 = Release|Any CPU
		{9EE6B2BE-948D-48D1-A19F-078434CF4C52}.ReleaseU|Win32.ActiveCfg = Release|Any CPU
		{9EE6B2BE-948D-48D1-A19F-078434CF4C52}.ReleaseU|x64.ActiveCfg = Release|x86
		{9EE6B2BE-948D-48D1-A19F-078434CF4C52}.ReleaseU|x86.ActiveCfg = Release|x86
		{9EE6B2BE-948D-48D1-A19F-078434CF4C52}.ReleaseU|x86.Build.0 = Release|x86
		{F5854EA2-42F6-4028-BE55-10153430EBE4}.Debug|Any CPU.ActiveCfg = Debug|Any CPU
		{F5854EA2-42F6-4028-BE55-10153430EBE4}.Debug|Any CPU.Build.0 = Debug|Any CPU
		{F5854EA2-42F6-4028-BE55-10153430EBE4}.Debug|Mixed Platforms.ActiveCfg = Debug|x86
		{F5854EA2-42F6-4028-BE55-10153430EBE4}.Debug|Mixed Platforms.Build.0 = Debug|x86
		{F5854EA2-42F6-4028-BE55-10153430EBE4}.Debug|Win32.ActiveCfg = Debug|Any CPU
		{F5854EA2-42F6-4028-BE55-10153430EBE4}.Debug|x64.ActiveCfg = Debug|x86
		{F5854EA2-42F6-4028-BE55-10153430EBE4}.Debug|x86.ActiveCfg = Debug|x86
		{F5854EA2-42F6-4028-BE55-10153430EBE4}.Debug|x86.Build.0 = Debug|x86
		{F5854EA2-42F6-4028-BE55-10153430EBE4}.DebugU|Any CPU.ActiveCfg = Debug|Any CPU
		{F5854EA2-42F6-4028-BE55-10153430EBE4}.DebugU|Any CPU.Build.0 = Debug|Any CPU
		{F5854EA2-42F6-4028-BE55-10153430EBE4}.DebugU|Mixed Platforms.ActiveCfg = Debug|Any CPU
		{F5854EA2-42F6-4028-BE55-10153430EBE4}.DebugU|Mixed Platforms.Build.0 = Debug|Any CPU
		{F5854EA2-42F6-4028-BE55-10153430EBE4}.DebugU|Win32.ActiveCfg = Debug|Any CPU
		{F5854EA2-42F6-4028-BE55-10153430EBE4}.DebugU|x64.ActiveCfg = Debug|x86
		{F5854EA2-42F6-4028-BE55-10153430EBE4}.DebugU|x86.ActiveCfg = Debug|x86
		{F5854EA2-42F6-4028-BE55-10153430EBE4}.DebugU|x86.Build.0 = Debug|x86
		{F5854EA2-42F6-4028-BE55-10153430EBE4}.Release|Any CPU.ActiveCfg = Release|Any CPU
		{F5854EA2-42F6-4028-BE55-10153430EBE4}.Release|Any CPU.Build.0 = Release|Any CPU
		{F5854EA2-42F6-4028-BE55-10153430EBE4}.Release|Mixed Platforms.ActiveCfg = Release|Any CPU
		{F5854EA2-42F6-4028-BE55-10153430EBE4}.Release|Mixed Platforms.Build.0 = Release|Any CPU
		{F5854EA2-42F6-4028-BE55-10153430EBE4}.Release|Win32.ActiveCfg = Release|Any CPU
		{F5854EA2-42F6-4028-BE55-10153430EBE4}.Release|x64.ActiveCfg = Release|x86
		{F5854EA2-42F6-4028-BE55-10153430EBE4}.Release|x86.ActiveCfg = Release|x86
		{F5854EA2-42F6-4028-BE55-10153430EBE4}.Release|x86.Build.0 = Release|x86
		{F5854EA2-42F6-4028-BE55-10153430EBE4}.ReleaseU|Any CPU.ActiveCfg = Release|Any CPU
		{F5854EA2-42F6-4028-BE55-10153430EBE4}.ReleaseU|Any CPU.Build.0 = Release|Any CPU
		{F5854EA2-42F6-4028-BE55-10153430EBE4}.ReleaseU|Mixed Platforms.ActiveCfg = Release|Any CPU
		{F5854EA2-42F6-4028-BE55-10153430EBE4}.ReleaseU|Mixed Platforms.Build.0 = Release|Any CPU
		{F5854EA2-42F6-4028-BE55-10153430EBE4}.ReleaseU|Win32.ActiveCfg = Release|Any CPU
		{F5854EA2-42F6-4028-BE55-10153430EBE4}.ReleaseU|x64.ActiveCfg = Release|x86
		{F5854EA2-42F6-4028-BE55-10153430EBE4}.ReleaseU|x86.ActiveCfg = Release|x86
		{F5854EA2-42F6-4028-BE55-10153430EBE4}.ReleaseU|x86.Build.0 = Release|x86
		{C3405E5F-6C9D-4CB3-829F-9B285ED92749}.Debug|Any CPU.ActiveCfg = Debug|Any CPU
		{C3405E5F-6C9D-4CB3-829F-9B285ED92749}.Debug|Any CPU.Build.0 = Debug|Any CPU
		{C3405E5F-6C9D-4CB3-829F-9B285ED92749}.Debug|Mixed Platforms.ActiveCfg = Debug|Any CPU
		{C3405E5F-6C9D-4CB3-829F-9B285ED92749}.Debug|Mixed Platforms.Build.0 = Debug|Any CPU
		{C3405E5F-6C9D-4CB3-829F-9B285ED92749}.Debug|Win32.ActiveCfg = Debug|Any CPU
		{C3405E5F-6C9D-4CB3-829F-9B285ED92749}.Debug|x64.ActiveCfg = Debug|x86
		{C3405E5F-6C9D-4CB3-829F-9B285ED92749}.Debug|x86.ActiveCfg = Debug|x86
		{C3405E5F-6C9D-4CB3-829F-9B285ED92749}.Debug|x86.Build.0 = Debug|x86
		{C3405E5F-6C9D-4CB3-829F-9B285ED92749}.DebugU|Any CPU.ActiveCfg = Debug|Any CPU
		{C3405E5F-6C9D-4CB3-829F-9B285ED92749}.DebugU|Any CPU.Build.0 = Debug|Any CPU
		{C3405E5F-6C9D-4CB3-829F-9B285ED92749}.DebugU|Mixed Platforms.ActiveCfg = Debug|Any CPU
		{C3405E5F-6C9D-4CB3-829F-9B285ED92749}.DebugU|Mixed Platforms.Build.0 = Debug|Any CPU
		{C3405E5F-6C9D-4CB3-829F-9B285ED92749}.DebugU|Win32.ActiveCfg = Debug|Any CPU
		{C3405E5F-6C9D-4CB3-829F-9B285ED92749}.DebugU|x64.ActiveCfg = Debug|x86
		{C3405E5F-6C9D-4CB3-829F-9B285ED92749}.DebugU|x86.ActiveCfg = Debug|x86
		{C3405E5F-6C9D-4CB3-829F-9B285ED92749}.DebugU|x86.Build.0 = Debug|x86
		{C3405E5F-6C9D-4CB3-829F-9B285ED92749}.Release|Any CPU.ActiveCfg = Release|Any CPU
		{C3405E5F-6C9D-4CB3-829F-9B285ED92749}.Release|Any CPU.Build.0 = Release|Any CPU
		{C3405E5F-6C9D-4CB3-829F-9B285ED92749}.Release|Mixed Platforms.ActiveCfg = Release|Any CPU
		{C3405E5F-6C9D-4CB3-829F-9B285ED92749}.Release|Mixed Platforms.Build.0 = Release|Any CPU
		{C3405E5F-6C9D-4CB3-829F-9B285ED92749}.Release|Win32.ActiveCfg = Release|Any CPU
		{C3405E5F-6C9D-4CB3-829F-9B285ED92749}.Release|x64.ActiveCfg = Release|x86
		{C3405E5F-6C9D-4CB3-829F-9B285ED92749}.Release|x86.ActiveCfg = Release|x86
		{C3405E5F-6C9D-4CB3-829F-9B285ED92749}.Release|x86.Build.0 = Release|x86
		{C3405E5F-6C9D-4CB3-829F-9B285ED92749}.ReleaseU|Any CPU.ActiveCfg = Release|Any CPU
		{C3405E5F-6C9D-4CB3-829F-9B285ED92749}.ReleaseU|Any CPU.Build.0 = Release|Any CPU
		{C3405E5F-6C9D-4CB3-829F-9B285ED92749}.ReleaseU|Mixed Platforms.ActiveCfg = Release|Any CPU
		{C3405E5F-6C9D-4CB3-829F-9B285ED92749}.ReleaseU|Mixed Platforms.Build.0 = Release|Any CPU
		{C3405E5F-6C9D-4CB3-829F-9B285ED92749}.ReleaseU|Win32.ActiveCfg = Release|Any CPU
		{C3405E5F-6C9D-4CB3-829F-9B285ED92749}.ReleaseU|x64.ActiveCfg = Release|x86
		{C3405E5F-6C9D-4CB3-829F-9B285ED92749}.ReleaseU|x86.ActiveCfg = Release|x86
		{C3405E5F-6C9D-4CB3-829F-9B285ED92749}.ReleaseU|x86.Build.0 = Release|x86
		{1AD91F4B-5C57-4FF0-997F-367712665446}.Debug|Any CPU.ActiveCfg = Debug|Any CPU
		{1AD91F4B-5C57-4FF0-997F-367712665446}.Debug|Any CPU.Build.0 = Debug|Any CPU
		{1AD91F4B-5C57-4FF0-997F-367712665446}.Debug|Mixed Platforms.ActiveCfg = Debug|Any CPU
		{1AD91F4B-5C57-4FF0-997F-367712665446}.Debug|Mixed Platforms.Build.0 = Debug|Any CPU
		{1AD91F4B-5C57-4FF0-997F-367712665446}.Debug|Win32.ActiveCfg = Debug|Any CPU
		{1AD91F4B-5C57-4FF0-997F-367712665446}.Debug|x64.ActiveCfg = Debug|x86
		{1AD91F4B-5C57-4FF0-997F-367712665446}.Debug|x86.ActiveCfg = Debug|x86
		{1AD91F4B-5C57-4FF0-997F-367712665446}.Debug|x86.Build.0 = Debug|x86
		{1AD91F4B-5C57-4FF0-997F-367712665446}.DebugU|Any CPU.ActiveCfg = Debug|Any CPU
		{1AD91F4B-5C57-4FF0-997F-367712665446}.DebugU|Any CPU.Build.0 = Debug|Any CPU
		{1AD91F4B-5C57-4FF0-997F-367712665446}.DebugU|Mixed Platforms.ActiveCfg = Debug|Any CPU
		{1AD91F4B-5C57-4FF0-997F-367712665446}.DebugU|Mixed Platforms.Build.0 = Debug|Any CPU
		{1AD91F4B-5C57-4FF0-997F-367712665446}.DebugU|Win32.ActiveCfg = Debug|Any CPU
		{1AD91F4B-5C57-4FF0-997F-367712665446}.DebugU|x64.ActiveCfg = Debug|x86
		{1AD91F4B-5C57-4FF0-997F-367712665446}.DebugU|x86.ActiveCfg = Debug|x86
		{1AD91F4B-5C57-4FF0-997F-367712665446}.DebugU|x86.Build.0 = Debug|x86
		{1AD91F4B-5C57-4FF0-997F-367712665446}.Release|Any CPU.ActiveCfg = Release|Any CPU
		{1AD91F4B-5C57-4FF0-997F-367712665446}.Release|Any CPU.Build.0 = Release|Any CPU
		{1AD91F4B-5C57-4FF0-997F-367712665446}.Release|Mixed Platforms.ActiveCfg = Release|Any CPU
		{1AD91F4B-5C57-4FF0-997F-367712665446}.Release|Mixed Platforms.Build.0 = Release|Any CPU
		{1AD91F4B-5C57-4FF0-997F-367712665446}.Release|Win32.ActiveCfg = Release|Any CPU
		{1AD91F4B-5C57-4FF0-997F-367712665446}.Release|x64.ActiveCfg = Release|x86
		{1AD91F4B-5C57-4FF0-997F-367712665446}.Release|x86.ActiveCfg = Release|x86
		{1AD91F4B-5C57-4FF0-997F-367712665446}.Release|x86.Build.0 = Release|x86
		{1AD91F4B-5C57-4FF0-997F-367712665446}.ReleaseU|Any CPU.ActiveCfg = Release|Any CPU
		{1AD91F4B-5C57-4FF0-997F-367712665446}.ReleaseU|Any CPU.Build.0 = Release|Any CPU
		{1AD91F4B-5C57-4FF0-997F-367712665446}.ReleaseU|Mixed Platforms.ActiveCfg = Release|Any CPU
		{1AD91F4B-5C57-4FF0-997F-367712665446}.ReleaseU|Mixed Platforms.Build.0 = Release|Any CPU
		{1AD91F4B-5C57-4FF0-997F-367712665446}.ReleaseU|Win32.ActiveCfg = Release|Any CPU
		{1AD91F4B-5C57-4FF0-997F-367712665446}.ReleaseU|x64.ActiveCfg = Release|x86
		{1AD91F4B-5C57-4FF0-997F-367712665446}.ReleaseU|x86.ActiveCfg = Release|x86
		{1AD91F4B-5C57-4FF0-997F-367712665446}.ReleaseU|x86.Build.0 = Release|x86
		{1D754B89-9E4C-421D-80B3-B10B993D5872}.Debug|Any CPU.ActiveCfg = Debug|Any CPU
		{1D754B89-9E4C-421D-80B3-B10B993D5872}.Debug|Any CPU.Build.0 = Debug|Any CPU
		{1D754B89-9E4C-421D-80B3-B10B993D5872}.Debug|Mixed Platforms.ActiveCfg = Debug|Any CPU
		{1D754B89-9E4C-421D-80B3-B10B993D5872}.Debug|Mixed Platforms.Build.0 = Debug|Any CPU
		{1D754B89-9E4C-421D-80B3-B10B993D5872}.Debug|Win32.ActiveCfg = Debug|Any CPU
		{1D754B89-9E4C-421D-80B3-B10B993D5872}.Debug|x64.ActiveCfg = Debug|x86
		{1D754B89-9E4C-421D-80B3-B10B993D5872}.Debug|x86.ActiveCfg = Debug|x86
		{1D754B89-9E4C-421D-80B3-B10B993D5872}.Debug|x86.Build.0 = Debug|x86
		{1D754B89-9E4C-421D-80B3-B10B993D5872}.DebugU|Any CPU.ActiveCfg = Debug|Any CPU
		{1D754B89-9E4C-421D-80B3-B10B993D5872}.DebugU|Any CPU.Build.0 = Debug|Any CPU
		{1D754B89-9E4C-421D-80B3-B10B993D5872}.DebugU|Mixed Platforms.ActiveCfg = Debug|Any CPU
		{1D754B89-9E4C-421D-80B3-B10B993D5872}.DebugU|Mixed Platforms.Build.0 = Debug|Any CPU
		{1D754B89-9E4C-421D-80B3-B10B993D5872}.DebugU|Win32.ActiveCfg = Debug|Any CPU
		{1D754B89-9E4C-421D-80B3-B10B993D5872}.DebugU|x64.ActiveCfg = Debug|x86
		{1D754B89-9E4C-421D-80B3-B10B993D5872}.DebugU|x86.ActiveCfg = Debug|x86
		{1D754B89-9E4C-421D-80B3-B10B993D5872}.DebugU|x86.Build.0 = Debug|x86
		{1D754B89-9E4C-421D-80B3-B10B993D5872}.Release|Any CPU.ActiveCfg = Release|Any CPU
		{1D754B89-9E4C-421D-80B3-B10B993D5872}.Release|Any CPU.Build.0 = Release|Any CPU
		{1D754B89-9E4C-421D-80B3-B10B993D5872}.Release|Mixed Platforms.ActiveCfg = Release|Any CPU
		{1D754B89-9E4C-421D-80B3-B10B993D5872}.Release|Mixed Platforms.Build.0 = Release|Any CPU
		{1D754B89-9E4C-421D-80B3-B10B993D5872}.Release|Win32.ActiveCfg = Release|Any CPU
		{1D754B89-9E4C-421D-80B3-B10B993D5872}.Release|x64.ActiveCfg = Release|x86
		{1D754B89-9E4C-421D-80B3-B10B993D5872}.Release|x86.ActiveCfg = Release|x86
		{1D754B89-9E4C-421D-80B3-B10B993D5872}.Release|x86.Build.0 = Release|x86
		{1D754B89-9E4C-421D-80B3-B10B993D5872}.ReleaseU|Any CPU.ActiveCfg = Release|Any CPU
		{1D754B89-9E4C-421D-80B3-B10B993D5872}.ReleaseU|Any CPU.Build.0 = Release|Any CPU
		{1D754B89-9E4C-421D-80B3-B10B993D5872}.ReleaseU|Mixed Platforms.ActiveCfg = Release|Any CPU
		{1D754B89-9E4C-421D-80B3-B10B993D5872}.ReleaseU|Mixed Platforms.Build.0 = Release|Any CPU
		{1D754B89-9E4C-421D-80B3-B10B993D5872}.ReleaseU|Win32.ActiveCfg = Release|Any CPU
		{1D754B89-9E4C-421D-80B3-B10B993D5872}.ReleaseU|x64.ActiveCfg = Release|x86
		{1D754B89-9E4C-421D-80B3-B10B993D5872}.ReleaseU|x86.ActiveCfg = Release|x86
		{1D754B89-9E4C-421D-80B3-B10B993D5872}.ReleaseU|x86.Build.0 = Release|x86
		{053DA278-4C17-4454-B9A3-E23EDD0C874B}.Debug|Any CPU.ActiveCfg = Debug|Any CPU
		{053DA278-4C17-4454-B9A3-E23EDD0C874B}.Debug|Any CPU.Build.0 = Debug|Any CPU
		{053DA278-4C17-4454-B9A3-E23EDD0C874B}.Debug|Mixed Platforms.ActiveCfg = Debug|x86
		{053DA278-4C17-4454-B9A3-E23EDD0C874B}.Debug|Mixed Platforms.Build.0 = Debug|x86
		{053DA278-4C17-4454-B9A3-E23EDD0C874B}.Debug|Win32.ActiveCfg = Debug|Any CPU
		{053DA278-4C17-4454-B9A3-E23EDD0C874B}.Debug|x64.ActiveCfg = Debug|x86
		{053DA278-4C17-4454-B9A3-E23EDD0C874B}.Debug|x86.ActiveCfg = Debug|x86
		{053DA278-4C17-4454-B9A3-E23EDD0C874B}.Debug|x86.Build.0 = Debug|x86
		{053DA278-4C17-4454-B9A3-E23EDD0C874B}.DebugU|Any CPU.ActiveCfg = Debug|Any CPU
		{053DA278-4C17-4454-B9A3-E23EDD0C874B}.DebugU|Any CPU.Build.0 = Debug|Any CPU
		{053DA278-4C17-4454-B9A3-E23EDD0C874B}.DebugU|Mixed Platforms.ActiveCfg = Debug|Any CPU
		{053DA278-4C17-4454-B9A3-E23EDD0C874B}.DebugU|Mixed Platforms.Build.0 = Debug|Any CPU
		{053DA278-4C17-4454-B9A3-E23EDD0C874B}.DebugU|Win32.ActiveCfg = Debug|Any CPU
		{053DA278-4C17-4454-B9A3-E23EDD0C874B}.DebugU|x64.ActiveCfg = Debug|x86
		{053DA278-4C17-4454-B9A3-E23EDD0C874B}.DebugU|x86.ActiveCfg = Debug|x86
		{053DA278-4C17-4454-B9A3-E23EDD0C874B}.DebugU|x86.Build.0 = Debug|x86
		{053DA278-4C17-4454-B9A3-E23EDD0C874B}.Release|Any CPU.ActiveCfg = Release|Any CPU
		{053DA278-4C17-4454-B9A3-E23EDD0C874B}.Release|Any CPU.Build.0 = Release|Any CPU
		{053DA278-4C17-4454-B9A3-E23EDD0C874B}.Release|Mixed Platforms.ActiveCfg = Release|Any CPU
		{053DA278-4C17-4454-B9A3-E23EDD0C874B}.Release|Mixed Platforms.Build.0 = Release|Any CPU
		{053DA278-4C17-4454-B9A3-E23EDD0C874B}.Release|Win32.ActiveCfg = Release|Any CPU
		{053DA278-4C17-4454-B9A3-E23EDD0C874B}.Release|x64.ActiveCfg = Release|x86
		{053DA278-4C17-4454-B9A3-E23EDD0C874B}.Release|x86.ActiveCfg = Release|x86
		{053DA278-4C17-4454-B9A3-E23EDD0C874B}.Release|x86.Build.0 = Release|x86
		{053DA278-4C17-4454-B9A3-E23EDD0C874B}.ReleaseU|Any CPU.ActiveCfg = Release|Any CPU
		{053DA278-4C17-4454-B9A3-E23EDD0C874B}.ReleaseU|Any CPU.Build.0 = Release|Any CPU
		{053DA278-4C17-4454-B9A3-E23EDD0C874B}.ReleaseU|Mixed Platforms.ActiveCfg = Release|Any CPU
		{053DA278-4C17-4454-B9A3-E23EDD0C874B}.ReleaseU|Mixed Platforms.Build.0 = Release|Any CPU
		{053DA278-4C17-4454-B9A3-E23EDD0C874B}.ReleaseU|Win32.ActiveCfg = Release|Any CPU
		{053DA278-4C17-4454-B9A3-E23EDD0C874B}.ReleaseU|x64.ActiveCfg = Release|x86
		{053DA278-4C17-4454-B9A3-E23EDD0C874B}.ReleaseU|x86.ActiveCfg = Release|x86
		{053DA278-4C17-4454-B9A3-E23EDD0C874B}.ReleaseU|x86.Build.0 = Release|x86
		{C2C82C17-FC13-40B2-8E05-25D6E9A61FB5}.Debug|Any CPU.ActiveCfg = Debug|Any CPU
		{C2C82C17-FC13-40B2-8E05-25D6E9A61FB5}.Debug|Any CPU.Build.0 = Debug|Any CPU
		{C2C82C17-FC13-40B2-8E05-25D6E9A61FB5}.Debug|Mixed Platforms.ActiveCfg = Debug|x86
		{C2C82C17-FC13-40B2-8E05-25D6E9A61FB5}.Debug|Mixed Platforms.Build.0 = Debug|x86
		{C2C82C17-FC13-40B2-8E05-25D6E9A61FB5}.Debug|Win32.ActiveCfg = Debug|Any CPU
		{C2C82C17-FC13-40B2-8E05-25D6E9A61FB5}.Debug|x64.ActiveCfg = Debug|x86
		{C2C82C17-FC13-40B2-8E05-25D6E9A61FB5}.Debug|x86.ActiveCfg = Debug|x86
		{C2C82C17-FC13-40B2-8E05-25D6E9A61FB5}.Debug|x86.Build.0 = Debug|x86
		{C2C82C17-FC13-40B2-8E05-25D6E9A61FB5}.DebugU|Any CPU.ActiveCfg = Debug|Any CPU
		{C2C82C17-FC13-40B2-8E05-25D6E9A61FB5}.DebugU|Any CPU.Build.0 = Debug|Any CPU
		{C2C82C17-FC13-40B2-8E05-25D6E9A61FB5}.DebugU|Mixed Platforms.ActiveCfg = Debug|Any CPU
		{C2C82C17-FC13-40B2-8E05-25D6E9A61FB5}.DebugU|Mixed Platforms.Build.0 = Debug|Any CPU
		{C2C82C17-FC13-40B2-8E05-25D6E9A61FB5}.DebugU|Win32.ActiveCfg = Debug|Any CPU
		{C2C82C17-FC13-40B2-8E05-25D6E9A61FB5}.DebugU|x64.ActiveCfg = Debug|x86
		{C2C82C17-FC13-40B2-8E05-25D6E9A61FB5}.DebugU|x86.ActiveCfg = Debug|x86
		{C2C82C17-FC13-40B2-8E05-25D6E9A61FB5}.DebugU|x86.Build.0 = Debug|x86
		{C2C82C17-FC13-40B2-8E05-25D6E9A61FB5}.Release|Any CPU.ActiveCfg = Release|Any CPU
		{C2C82C17-FC13-40B2-8E05-25D6E9A61FB5}.Release|Any CPU.Build.0 = Release|Any CPU
		{C2C82C17-FC13-40B2-8E05-25D6E9A61FB5}.Release|Mixed Platforms.ActiveCfg = Release|Any CPU
		{C2C82C17-FC13-40B2-8E05-25D6E9A61FB5}.Release|Mixed Platforms.Build.0 = Release|Any CPU
		{C2C82C17-FC13-40B2-8E05-25D6E9A61FB5}.Release|Win32.ActiveCfg = Release|Any CPU
		{C2C82C17-FC13-40B2-8E05-25D6E9A61FB5}.Release|x64.ActiveCfg = Release|x86
		{C2C82C17-FC13-40B2-8E05-25D6E9A61FB5}.Release|x86.ActiveCfg = Release|x86
		{C2C82C17-FC13-40B2-8E05-25D6E9A61FB5}.Release|x86.Build.0 = Release|x86
		{C2C82C17-FC13-40B2-8E05-25D6E9A61FB5}.ReleaseU|Any CPU.ActiveCfg = Release|Any CPU
		{C2C82C17-FC13-40B2-8E05-25D6E9A61FB5}.ReleaseU|Any CPU.Build.0 = Release|Any CPU
		{C2C82C17-FC13-40B2-8E05-25D6E9A61FB5}.ReleaseU|Mixed Platforms.ActiveCfg = Release|Any CPU
		{C2C82C17-FC13-40B2-8E05-25D6E9A61FB5}.ReleaseU|Mixed Platforms.Build.0 = Release|Any CPU
		{C2C82C17-FC13-40B2-8E05-25D6E9A61FB5}.ReleaseU|Win32.ActiveCfg = Release|Any CPU
		{C2C82C17-FC13-40B2-8E05-25D6E9A61FB5}.ReleaseU|x64.ActiveCfg = Release|x86
		{C2C82C17-FC13-40B2-8E05-25D6E9A61FB5}.ReleaseU|x86.ActiveCfg = Release|x86
		{C2C82C17-FC13-40B2-8E05-25D6E9A61FB5}.ReleaseU|x86.Build.0 = Release|x86
		{B0BB5DBF-3B99-4E4E-8793-984153C7D21F}.Debug|Any CPU.ActiveCfg = Debug|Any CPU
		{B0BB5DBF-3B99-4E4E-8793-984153C7D21F}.Debug|Any CPU.Build.0 = Debug|Any CPU
		{B0BB5DBF-3B99-4E4E-8793-984153C7D21F}.Debug|Mixed Platforms.ActiveCfg = Debug|x86
		{B0BB5DBF-3B99-4E4E-8793-984153C7D21F}.Debug|Mixed Platforms.Build.0 = Debug|x86
		{B0BB5DBF-3B99-4E4E-8793-984153C7D21F}.Debug|Win32.ActiveCfg = Debug|Any CPU
		{B0BB5DBF-3B99-4E4E-8793-984153C7D21F}.Debug|x64.ActiveCfg = Debug|x86
		{B0BB5DBF-3B99-4E4E-8793-984153C7D21F}.Debug|x86.ActiveCfg = Debug|x86
		{B0BB5DBF-3B99-4E4E-8793-984153C7D21F}.Debug|x86.Build.0 = Debug|x86
		{B0BB5DBF-3B99-4E4E-8793-984153C7D21F}.DebugU|Any CPU.ActiveCfg = Debug|Any CPU
		{B0BB5DBF-3B99-4E4E-8793-984153C7D21F}.DebugU|Any CPU.Build.0 = Debug|Any CPU
		{B0BB5DBF-3B99-4E4E-8793-984153C7D21F}.DebugU|Mixed Platforms.ActiveCfg = Debug|Any CPU
		{B0BB5DBF-3B99-4E4E-8793-984153C7D21F}.DebugU|Mixed Platforms.Build.0 = Debug|Any CPU
		{B0BB5DBF-3B99-4E4E-8793-984153C7D21F}.DebugU|Win32.ActiveCfg = Debug|Any CPU
		{B0BB5DBF-3B99-4E4E-8793-984153C7D21F}.DebugU|x64.ActiveCfg = Debug|x86
		{B0BB5DBF-3B99-4E4E-8793-984153C7D21F}.DebugU|x86.ActiveCfg = Debug|x86
		{B0BB5DBF-3B99-4E4E-8793-984153C7D21F}.DebugU|x86.Build.0 = Debug|x86
		{B0BB5DBF-3B99-4E4E-8793-984153C7D21F}.Release|Any CPU.ActiveCfg = Release|Any CPU
		{B0BB5DBF-3B99-4E4E-8793-984153C7D21F}.Release|Any CPU.Build.0 = Release|Any CPU
		{B0BB5DBF-3B99-4E4E-8793-984153C7D21F}.Release|Mixed Platforms.ActiveCfg = Release|Any CPU
		{B0BB5DBF-3B99-4E4E-8793-984153C7D21F}.Release|Mixed Platforms.Build.0 = Release|Any CPU
		{B0BB5DBF-3B99-4E4E-8793-984153C7D21F}.Release|Win32.ActiveCfg = Release|Any CPU
		{B0BB5DBF-3B99-4E4E-8793-984153C7D21F}.Release|x64.ActiveCfg = Release|x86
		{B0BB5DBF-3B99-4E4E-8793-984153C7D21F}.Release|x86.ActiveCfg = Release|x86
		{B0BB5DBF-3B99-4E4E-8793-984153C7D21F}.Release|x86.Build.0 = Release|x86
		{B0BB5DBF-3B99-4E4E-8793-984153C7D21F}.ReleaseU|Any CPU.ActiveCfg = Release|Any CPU
		{B0BB5DBF-3B99-4E4E-8793-984153C7D21F}.ReleaseU|Any CPU.Build.0 = Release|Any CPU
		{B0BB5DBF-3B99-4E4E-8793-984153C7D21F}.ReleaseU|Mixed Platforms.ActiveCfg = Release|Any CPU
		{B0BB5DBF-3B99-4E4E-8793-984153C7D21F}.ReleaseU|Mixed Platforms.Build.0 = Release|Any CPU
		{B0BB5DBF-3B99-4E4E-8793-984153C7D21F}.ReleaseU|Win32.ActiveCfg = Release|Any CPU
		{B0BB5DBF-3B99-4E4E-8793-984153C7D21F}.ReleaseU|x64.ActiveCfg = Release|x86
		{B0BB5DBF-3B99-4E4E-8793-984153C7D21F}.ReleaseU|x86.ActiveCfg = Release|x86
		{B0BB5DBF-3B99-4E4E-8793-984153C7D21F}.ReleaseU|x86.Build.0 = Release|x86
		{90E8DD9C-3C6B-488C-980F-AB26AC789300}.Debug|Any CPU.ActiveCfg = Debug|Any CPU
		{90E8DD9C-3C6B-488C-980F-AB26AC789300}.Debug|Any CPU.Build.0 = Debug|Any CPU
		{90E8DD9C-3C6B-488C-980F-AB26AC789300}.Debug|Mixed Platforms.ActiveCfg = Debug|x86
		{90E8DD9C-3C6B-488C-980F-AB26AC789300}.Debug|Mixed Platforms.Build.0 = Debug|x86
		{90E8DD9C-3C6B-488C-980F-AB26AC789300}.Debug|Win32.ActiveCfg = Debug|Any CPU
		{90E8DD9C-3C6B-488C-980F-AB26AC789300}.Debug|x64.ActiveCfg = Debug|x86
		{90E8DD9C-3C6B-488C-980F-AB26AC789300}.Debug|x86.ActiveCfg = Debug|x86
		{90E8DD9C-3C6B-488C-980F-AB26AC789300}.Debug|x86.Build.0 = Debug|x86
		{90E8DD9C-3C6B-488C-980F-AB26AC789300}.DebugU|Any CPU.ActiveCfg = Debug|Any CPU
		{90E8DD9C-3C6B-488C-980F-AB26AC789300}.DebugU|Any CPU.Build.0 = Debug|Any CPU
		{90E8DD9C-3C6B-488C-980F-AB26AC789300}.DebugU|Mixed Platforms.ActiveCfg = Debug|Any CPU
		{90E8DD9C-3C6B-488C-980F-AB26AC789300}.DebugU|Mixed Platforms.Build.0 = Debug|Any CPU
		{90E8DD9C-3C6B-488C-980F-AB26AC789300}.DebugU|Win32.ActiveCfg = Debug|Any CPU
		{90E8DD9C-3C6B-488C-980F-AB26AC789300}.DebugU|x64.ActiveCfg = Debug|x86
		{90E8DD9C-3C6B-488C-980F-AB26AC789300}.DebugU|x86.ActiveCfg = Debug|x86
		{90E8DD9C-3C6B-488C-980F-AB26AC789300}.DebugU|x86.Build.0 = Debug|x86
		{90E8DD9C-3C6B-488C-980F-AB26AC789300}.Release|Any CPU.ActiveCfg = Release|Any CPU
		{90E8DD9C-3C6B-488C-980F-AB26AC789300}.Release|Any CPU.Build.0 = Release|Any CPU
		{90E8DD9C-3C6B-488C-980F-AB26AC789300}.Release|Mixed Platforms.ActiveCfg = Release|Any CPU
		{90E8DD9C-3C6B-488C-980F-AB26AC789300}.Release|Mixed Platforms.Build.0 = Release|Any CPU
		{90E8DD9C-3C6B-488C-980F-AB26AC789300}.Release|Win32.ActiveCfg = Release|Any CPU
		{90E8DD9C-3C6B-488C-980F-AB26AC789300}.Release|x64.ActiveCfg = Release|x86
		{90E8DD9C-3C6B-488C-980F-AB26AC789300}.Release|x86.ActiveCfg = Release|x86
		{90E8DD9C-3C6B-488C-980F-AB26AC789300}.Release|x86.Build.0 = Release|x86
		{90E8DD9C-3C6B-488C-980F-AB26AC789300}.ReleaseU|Any CPU.ActiveCfg = Release|Any CPU
		{90E8DD9C-3C6B-488C-980F-AB26AC789300}.ReleaseU|Any CPU.Build.0 = Release|Any CPU
		{90E8DD9C-3C6B-488C-980F-AB26AC789300}.ReleaseU|Mixed Platforms.ActiveCfg = Release|Any CPU
		{90E8DD9C-3C6B-488C-980F-AB26AC789300}.ReleaseU|Mixed Platforms.Build.0 = Release|Any CPU
		{90E8DD9C-3C6B-488C-980F-AB26AC789300}.ReleaseU|Win32.ActiveCfg = Release|Any CPU
		{90E8DD9C-3C6B-488C-980F-AB26AC789300}.ReleaseU|x64.ActiveCfg = Release|x86
		{90E8DD9C-3C6B-488C-980F-AB26AC789300}.ReleaseU|x86.ActiveCfg = Release|x86
		{90E8DD9C-3C6B-488C-980F-AB26AC789300}.ReleaseU|x86.Build.0 = Release|x86
		{8CCDD048-AD35-41A2-830C-6BF1E06A7B44}.Debug|Any CPU.ActiveCfg = Debug|Any CPU
		{8CCDD048-AD35-41A2-830C-6BF1E06A7B44}.Debug|Any CPU.Build.0 = Debug|Any CPU
		{8CCDD048-AD35-41A2-830C-6BF1E06A7B44}.Debug|Mixed Platforms.ActiveCfg = Debug|x86
		{8CCDD048-AD35-41A2-830C-6BF1E06A7B44}.Debug|Mixed Platforms.Build.0 = Debug|x86
		{8CCDD048-AD35-41A2-830C-6BF1E06A7B44}.Debug|Win32.ActiveCfg = Debug|Any CPU
		{8CCDD048-AD35-41A2-830C-6BF1E06A7B44}.Debug|x64.ActiveCfg = Debug|x86
		{8CCDD048-AD35-41A2-830C-6BF1E06A7B44}.Debug|x86.ActiveCfg = Debug|x86
		{8CCDD048-AD35-41A2-830C-6BF1E06A7B44}.Debug|x86.Build.0 = Debug|x86
		{8CCDD048-AD35-41A2-830C-6BF1E06A7B44}.DebugU|Any CPU.ActiveCfg = Debug|Any CPU
		{8CCDD048-AD35-41A2-830C-6BF1E06A7B44}.DebugU|Any CPU.Build.0 = Debug|Any CPU
		{8CCDD048-AD35-41A2-830C-6BF1E06A7B44}.DebugU|Mixed Platforms.ActiveCfg = Debug|Any CPU
		{8CCDD048-AD35-41A2-830C-6BF1E06A7B44}.DebugU|Mixed Platforms.Build.0 = Debug|Any CPU
		{8CCDD048-AD35-41A2-830C-6BF1E06A7B44}.DebugU|Win32.ActiveCfg = Debug|Any CPU
		{8CCDD048-AD35-41A2-830C-6BF1E06A7B44}.DebugU|x64.ActiveCfg = Debug|x86
		{8CCDD048-AD35-41A2-830C-6BF1E06A7B44}.DebugU|x86.ActiveCfg = Debug|x86
		{8CCDD048-AD35-41A2-830C-6BF1E06A7B44}.DebugU|x86.Build.0 = Debug|x86
		{8CCDD048-AD35-41A2-830C-6BF1E06A7B44}.Release|Any CPU.ActiveCfg = Release|Any CPU
		{8CCDD048-AD35-41A2-830C-6BF1E06A7B44}.Release|Any CPU.Build.0 = Release|Any CPU
		{8CCDD048-AD35-41A2-830C-6BF1E06A7B44}.Release|Mixed Platforms.ActiveCfg = Release|Any CPU
		{8CCDD048-AD35-41A2-830C-6BF1E06A7B44}.Release|Mixed Platforms.Build.0 = Release|Any CPU
		{8CCDD048-AD35-41A2-830C-6BF1E06A7B44}.Release|Win32.ActiveCfg = Release|Any CPU
		{8CCDD048-AD35-41A2-830C-6BF1E06A7B44}.Release|x64.ActiveCfg = Release|x86
		{8CCDD048-AD35-41A2-830C-6BF1E06A7B44}.Release|x86.ActiveCfg = Release|x86
		{8CCDD048-AD35-41A2-830C-6BF1E06A7B44}.Release|x86.Build.0 = Release|x86
		{8CCDD048-AD35-41A2-830C-6BF1E06A7B44}.ReleaseU|Any CPU.ActiveCfg = Release|Any CPU
		{8CCDD048-AD35-41A2-830C-6BF1E06A7B44}.ReleaseU|Any CPU.Build.0 = Release|Any CPU
		{8CCDD048-AD35-41A2-830C-6BF1E06A7B44}.ReleaseU|Mixed Platforms.ActiveCfg = Release|Any CPU
		{8CCDD048-AD35-41A2-830C-6BF1E06A7B44}.ReleaseU|Mixed Platforms.Build.0 = Release|Any CPU
		{8CCDD048-AD35-41A2-830C-6BF1E06A7B44}.ReleaseU|Win32.ActiveCfg = Release|Any CPU
		{8CCDD048-AD35-41A2-830C-6BF1E06A7B44}.ReleaseU|x64.ActiveCfg = Release|x86
		{8CCDD048-AD35-41A2-830C-6BF1E06A7B44}.ReleaseU|x86.ActiveCfg = Release|x86
		{8CCDD048-AD35-41A2-830C-6BF1E06A7B44}.ReleaseU|x86.Build.0 = Release|x86
		{0244A5A8-2F45-4E76-AC5C-02D65AB8D2A8}.Debug|Any CPU.ActiveCfg = Debug|Any CPU
		{0244A5A8-2F45-4E76-AC5C-02D65AB8D2A8}.Debug|Any CPU.Build.0 = Debug|Any CPU
		{0244A5A8-2F45-4E76-AC5C-02D65AB8D2A8}.Debug|Mixed Platforms.ActiveCfg = Debug|Any CPU
		{0244A5A8-2F45-4E76-AC5C-02D65AB8D2A8}.Debug|Mixed Platforms.Build.0 = Debug|Any CPU
		{0244A5A8-2F45-4E76-AC5C-02D65AB8D2A8}.Debug|Win32.ActiveCfg = Debug|Any CPU
		{0244A5A8-2F45-4E76-AC5C-02D65AB8D2A8}.Debug|x64.ActiveCfg = Debug|x86
		{0244A5A8-2F45-4E76-AC5C-02D65AB8D2A8}.Debug|x86.ActiveCfg = Debug|x86
		{0244A5A8-2F45-4E76-AC5C-02D65AB8D2A8}.Debug|x86.Build.0 = Debug|x86
		{0244A5A8-2F45-4E76-AC5C-02D65AB8D2A8}.DebugU|Any CPU.ActiveCfg = Debug|Any CPU
		{0244A5A8-2F45-4E76-AC5C-02D65AB8D2A8}.DebugU|Any CPU.Build.0 = Debug|Any CPU
		{0244A5A8-2F45-4E76-AC5C-02D65AB8D2A8}.DebugU|Mixed Platforms.ActiveCfg = Debug|Any CPU
		{0244A5A8-2F45-4E76-AC5C-02D65AB8D2A8}.DebugU|Mixed Platforms.Build.0 = Debug|Any CPU
		{0244A5A8-2F45-4E76-AC5C-02D65AB8D2A8}.DebugU|Win32.ActiveCfg = Debug|Any CPU
		{0244A5A8-2F45-4E76-AC5C-02D65AB8D2A8}.DebugU|x64.ActiveCfg = Debug|x86
		{0244A5A8-2F45-4E76-AC5C-02D65AB8D2A8}.DebugU|x86.ActiveCfg = Debug|x86
		{0244A5A8-2F45-4E76-AC5C-02D65AB8D2A8}.DebugU|x86.Build.0 = Debug|x86
		{0244A5A8-2F45-4E76-AC5C-02D65AB8D2A8}.Release|Any CPU.ActiveCfg = Release|Any CPU
		{0244A5A8-2F45-4E76-AC5C-02D65AB8D2A8}.Release|Any CPU.Build.0 = Release|Any CPU
		{0244A5A8-2F45-4E76-AC5C-02D65AB8D2A8}.Release|Mixed Platforms.ActiveCfg = Release|Any CPU
		{0244A5A8-2F45-4E76-AC5C-02D65AB8D2A8}.Release|Mixed Platforms.Build.0 = Release|Any CPU
		{0244A5A8-2F45-4E76-AC5C-02D65AB8D2A8}.Release|Win32.ActiveCfg = Release|Any CPU
		{0244A5A8-2F45-4E76-AC5C-02D65AB8D2A8}.Release|x64.ActiveCfg = Release|x86
		{0244A5A8-2F45-4E76-AC5C-02D65AB8D2A8}.Release|x86.ActiveCfg = Release|x86
		{0244A5A8-2F45-4E76-AC5C-02D65AB8D2A8}.Release|x86.Build.0 = Release|x86
		{0244A5A8-2F45-4E76-AC5C-02D65AB8D2A8}.ReleaseU|Any CPU.ActiveCfg = Release|Any CPU
		{0244A5A8-2F45-4E76-AC5C-02D65AB8D2A8}.ReleaseU|Any CPU.Build.0 = Release|Any CPU
		{0244A5A8-2F45-4E76-AC5C-02D65AB8D2A8}.ReleaseU|Mixed Platforms.ActiveCfg = Release|Any CPU
		{0244A5A8-2F45-4E76-AC5C-02D65AB8D2A8}.ReleaseU|Mixed Platforms.Build.0 = Release|Any CPU
		{0244A5A8-2F45-4E76-AC5C-02D65AB8D2A8}.ReleaseU|Win32.ActiveCfg = Release|Any CPU
		{0244A5A8-2F45-4E76-AC5C-02D65AB8D2A8}.ReleaseU|x64.ActiveCfg = Release|x86
		{0244A5A8-2F45-4E76-AC5C-02D65AB8D2A8}.ReleaseU|x86.ActiveCfg = Release|x86
		{0244A5A8-2F45-4E76-AC5C-02D65AB8D2A8}.ReleaseU|x86.Build.0 = Release|x86
		{0659CECB-C090-479C-96EA-FB72EFE84EE1}.Debug|Any CPU.ActiveCfg = Debug|x64
		{0659CECB-C090-479C-96EA-FB72EFE84EE1}.Debug|Mixed Platforms.ActiveCfg = Debug|x64
		{0659CECB-C090-479C-96EA-FB72EFE84EE1}.Debug|Mixed Platforms.Build.0 = Debug|x64
		{0659CECB-C090-479C-96EA-FB72EFE84EE1}.Debug|Win32.ActiveCfg = Debug|x64
		{0659CECB-C090-479C-96EA-FB72EFE84EE1}.Debug|x64.ActiveCfg = Debug|x64
		{0659CECB-C090-479C-96EA-FB72EFE84EE1}.Debug|x64.Build.0 = Debug|x64
		{0659CECB-C090-479C-96EA-FB72EFE84EE1}.Debug|x86.ActiveCfg = Debug|x86
		{0659CECB-C090-479C-96EA-FB72EFE84EE1}.Debug|x86.Build.0 = Debug|x86
		{0659CECB-C090-479C-96EA-FB72EFE84EE1}.DebugU|Any CPU.ActiveCfg = Debug|x64
		{0659CECB-C090-479C-96EA-FB72EFE84EE1}.DebugU|Mixed Platforms.ActiveCfg = Debug|x64
		{0659CECB-C090-479C-96EA-FB72EFE84EE1}.DebugU|Mixed Platforms.Build.0 = Debug|x64
		{0659CECB-C090-479C-96EA-FB72EFE84EE1}.DebugU|Win32.ActiveCfg = Debug|x64
		{0659CECB-C090-479C-96EA-FB72EFE84EE1}.DebugU|x64.ActiveCfg = Debug|x64
		{0659CECB-C090-479C-96EA-FB72EFE84EE1}.DebugU|x64.Build.0 = Debug|x64
		{0659CECB-C090-479C-96EA-FB72EFE84EE1}.DebugU|x86.ActiveCfg = Debug|x64
		{0659CECB-C090-479C-96EA-FB72EFE84EE1}.Release|Any CPU.ActiveCfg = Release|x64
		{0659CECB-C090-479C-96EA-FB72EFE84EE1}.Release|Mixed Platforms.ActiveCfg = Release|x64
		{0659CECB-C090-479C-96EA-FB72EFE84EE1}.Release|Mixed Platforms.Build.0 = Release|x64
		{0659CECB-C090-479C-96EA-FB72EFE84EE1}.Release|Win32.ActiveCfg = Release|x64
		{0659CECB-C090-479C-96EA-FB72EFE84EE1}.Release|x64.ActiveCfg = Release|x64
		{0659CECB-C090-479C-96EA-FB72EFE84EE1}.Release|x64.Build.0 = Release|x64
		{0659CECB-C090-479C-96EA-FB72EFE84EE1}.Release|x86.ActiveCfg = Release|x86
		{0659CECB-C090-479C-96EA-FB72EFE84EE1}.Release|x86.Build.0 = Release|x86
		{0659CECB-C090-479C-96EA-FB72EFE84EE1}.ReleaseU|Any CPU.ActiveCfg = Release|x64
		{0659CECB-C090-479C-96EA-FB72EFE84EE1}.ReleaseU|Mixed Platforms.ActiveCfg = Release|x64
		{0659CECB-C090-479C-96EA-FB72EFE84EE1}.ReleaseU|Mixed Platforms.Build.0 = Release|x64
		{0659CECB-C090-479C-96EA-FB72EFE84EE1}.ReleaseU|Win32.ActiveCfg = Release|x64
		{0659CECB-C090-479C-96EA-FB72EFE84EE1}.ReleaseU|x64.ActiveCfg = Release|x64
		{0659CECB-C090-479C-96EA-FB72EFE84EE1}.ReleaseU|x64.Build.0 = Release|x64
		{0659CECB-C090-479C-96EA-FB72EFE84EE1}.ReleaseU|x86.ActiveCfg = Release|x64
		{79E16176-6C4B-47CE-9566-3DA8412BB8F0}.Debug|Any CPU.ActiveCfg = Debug|Any CPU
		{79E16176-6C4B-47CE-9566-3DA8412BB8F0}.Debug|Any CPU.Build.0 = Debug|Any CPU
		{79E16176-6C4B-47CE-9566-3DA8412BB8F0}.Debug|Mixed Platforms.ActiveCfg = Debug|Any CPU
		{79E16176-6C4B-47CE-9566-3DA8412BB8F0}.Debug|Mixed Platforms.Build.0 = Debug|Any CPU
		{79E16176-6C4B-47CE-9566-3DA8412BB8F0}.Debug|Win32.ActiveCfg = Debug|Any CPU
		{79E16176-6C4B-47CE-9566-3DA8412BB8F0}.Debug|x64.ActiveCfg = Debug|Any CPU
		{79E16176-6C4B-47CE-9566-3DA8412BB8F0}.Debug|x86.ActiveCfg = Debug|Any CPU
		{79E16176-6C4B-47CE-9566-3DA8412BB8F0}.DebugU|Any CPU.ActiveCfg = Debug|Any CPU
		{79E16176-6C4B-47CE-9566-3DA8412BB8F0}.DebugU|Any CPU.Build.0 = Debug|Any CPU
		{79E16176-6C4B-47CE-9566-3DA8412BB8F0}.DebugU|Mixed Platforms.ActiveCfg = Debug|Any CPU
		{79E16176-6C4B-47CE-9566-3DA8412BB8F0}.DebugU|Mixed Platforms.Build.0 = Debug|Any CPU
		{79E16176-6C4B-47CE-9566-3DA8412BB8F0}.DebugU|Win32.ActiveCfg = Debug|Any CPU
		{79E16176-6C4B-47CE-9566-3DA8412BB8F0}.DebugU|x64.ActiveCfg = Debug|Any CPU
		{79E16176-6C4B-47CE-9566-3DA8412BB8F0}.DebugU|x86.ActiveCfg = Debug|Any CPU
		{79E16176-6C4B-47CE-9566-3DA8412BB8F0}.Release|Any CPU.ActiveCfg = Release|Any CPU
		{79E16176-6C4B-47CE-9566-3DA8412BB8F0}.Release|Any CPU.Build.0 = Release|Any CPU
		{79E16176-6C4B-47CE-9566-3DA8412BB8F0}.Release|Mixed Platforms.ActiveCfg = Release|Any CPU
		{79E16176-6C4B-47CE-9566-3DA8412BB8F0}.Release|Mixed Platforms.Build.0 = Release|Any CPU
		{79E16176-6C4B-47CE-9566-3DA8412BB8F0}.Release|Win32.ActiveCfg = Release|Any CPU
		{79E16176-6C4B-47CE-9566-3DA8412BB8F0}.Release|x64.ActiveCfg = Release|Any CPU
		{79E16176-6C4B-47CE-9566-3DA8412BB8F0}.Release|x86.ActiveCfg = Release|Any CPU
		{79E16176-6C4B-47CE-9566-3DA8412BB8F0}.ReleaseU|Any CPU.ActiveCfg = Release|Any CPU
		{79E16176-6C4B-47CE-9566-3DA8412BB8F0}.ReleaseU|Any CPU.Build.0 = Release|Any CPU
		{79E16176-6C4B-47CE-9566-3DA8412BB8F0}.ReleaseU|Mixed Platforms.ActiveCfg = Release|Any CPU
		{79E16176-6C4B-47CE-9566-3DA8412BB8F0}.ReleaseU|Mixed Platforms.Build.0 = Release|Any CPU
		{79E16176-6C4B-47CE-9566-3DA8412BB8F0}.ReleaseU|Win32.ActiveCfg = Release|Any CPU
		{79E16176-6C4B-47CE-9566-3DA8412BB8F0}.ReleaseU|x64.ActiveCfg = Release|Any CPU
		{79E16176-6C4B-47CE-9566-3DA8412BB8F0}.ReleaseU|x86.ActiveCfg = Release|Any CPU
	EndGlobalSection
	GlobalSection(SolutionProperties) = preSolution
		HideSolutionNode = FALSE
	EndGlobalSection
EndGlobal
